// !$*UTF8*$!
{
	archiveVersion = 1;
	classes = {
	};
	objectVersion = 46;
	objects = {

/* Begin PBXBuildFile section */
		BCE810F01B9A877A00AB6F6E /* AppDelegate.swift in Sources */ = {isa = PBXBuildFile; fileRef = BCE810EF1B9A877A00AB6F6E /* AppDelegate.swift */; };
		BCE810F21B9A877A00AB6F6E /* ViewController.swift in Sources */ = {isa = PBXBuildFile; fileRef = BCE810F11B9A877A00AB6F6E /* ViewController.swift */; };
		BCE810F51B9A877A00AB6F6E /* Main.storyboard in Resources */ = {isa = PBXBuildFile; fileRef = BCE810F31B9A877A00AB6F6E /* Main.storyboard */; };
		BCE810F71B9A877A00AB6F6E /* Images.xcassets in Resources */ = {isa = PBXBuildFile; fileRef = BCE810F61B9A877A00AB6F6E /* Images.xcassets */; };
		BCE810FA1B9A877A00AB6F6E /* LaunchScreen.xib in Resources */ = {isa = PBXBuildFile; fileRef = BCE810F81B9A877A00AB6F6E /* LaunchScreen.xib */; };
		BCE811061B9A877A00AB6F6E /* TipplusTests.swift in Sources */ = {isa = PBXBuildFile; fileRef = BCE811051B9A877A00AB6F6E /* TipplusTests.swift */; };
		BCE811131B9A8AB400AB6F6E /* Brandon_med.otf in Resources */ = {isa = PBXBuildFile; fileRef = BCE811101B9A8AB400AB6F6E /* Brandon_med.otf */; };
		BCE811141B9A8AB400AB6F6E /* Brandon_reg.otf in Resources */ = {isa = PBXBuildFile; fileRef = BCE811111B9A8AB400AB6F6E /* Brandon_reg.otf */; };
		BCE8111A1B9A8DEA00AB6F6E /* Path.png in Resources */ = {isa = PBXBuildFile; fileRef = BCE811191B9A8DEA00AB6F6E /* Path.png */; };
		BCE8111E1B9A937E00AB6F6E /* p1.png in Resources */ = {isa = PBXBuildFile; fileRef = BCE8111B1B9A937E00AB6F6E /* p1.png */; };
		BCE8111F1B9A937E00AB6F6E /* p2.png in Resources */ = {isa = PBXBuildFile; fileRef = BCE8111C1B9A937E00AB6F6E /* p2.png */; };
		BCE811201B9A937E00AB6F6E /* p3.png in Resources */ = {isa = PBXBuildFile; fileRef = BCE8111D1B9A937E00AB6F6E /* p3.png */; };
		BCE811221B9AA04A00AB6F6E /* main.png in Resources */ = {isa = PBXBuildFile; fileRef = BCE811211B9AA04A00AB6F6E /* main.png */; };
/* End PBXBuildFile section */

/* Begin PBXContainerItemProxy section */
		BCE811001B9A877A00AB6F6E /* PBXContainerItemProxy */ = {
			isa = PBXContainerItemProxy;
			containerPortal = BCE810E21B9A877A00AB6F6E /* Project object */;
			proxyType = 1;
			remoteGlobalIDString = BCE810E91B9A877A00AB6F6E;
			remoteInfo = Tipplus;
		};
/* End PBXContainerItemProxy section */

/* Begin PBXFileReference section */
		BCE810EA1B9A877A00AB6F6E /* Tipplus.app */ = {isa = PBXFileReference; explicitFileType = wrapper.application; includeInIndex = 0; path = Tipplus.app; sourceTree = BUILT_PRODUCTS_DIR; };
		BCE810EE1B9A877A00AB6F6E /* Info.plist */ = {isa = PBXFileReference; lastKnownFileType = text.plist.xml; path = Info.plist; sourceTree = "<group>"; };
		BCE810EF1B9A877A00AB6F6E /* AppDelegate.swift */ = {isa = PBXFileReference; lastKnownFileType = sourcecode.swift; path = AppDelegate.swift; sourceTree = "<group>"; };
		BCE810F11B9A877A00AB6F6E /* ViewController.swift */ = {isa = PBXFileReference; lastKnownFileType = sourcecode.swift; path = ViewController.swift; sourceTree = "<group>"; };
		BCE810F41B9A877A00AB6F6E /* Base */ = {isa = PBXFileReference; lastKnownFileType = file.storyboard; name = Base; path = Base.lproj/Main.storyboard; sourceTree = "<group>"; };
		BCE810F61B9A877A00AB6F6E /* Images.xcassets */ = {isa = PBXFileReference; lastKnownFileType = folder.assetcatalog; path = Images.xcassets; sourceTree = "<group>"; };
		BCE810F91B9A877A00AB6F6E /* Base */ = {isa = PBXFileReference; lastKnownFileType = file.xib; name = Base; path = Base.lproj/LaunchScreen.xib; sourceTree = "<group>"; };
		BCE810FF1B9A877A00AB6F6E /* TipplusTests.xctest */ = {isa = PBXFileReference; explicitFileType = wrapper.cfbundle; includeInIndex = 0; path = TipplusTests.xctest; sourceTree = BUILT_PRODUCTS_DIR; };
		BCE811041B9A877A00AB6F6E /* Info.plist */ = {isa = PBXFileReference; lastKnownFileType = text.plist.xml; path = Info.plist; sourceTree = "<group>"; };
		BCE811051B9A877A00AB6F6E /* TipplusTests.swift */ = {isa = PBXFileReference; lastKnownFileType = sourcecode.swift; path = TipplusTests.swift; sourceTree = "<group>"; };
		BCE811101B9A8AB400AB6F6E /* Brandon_med.otf */ = {isa = PBXFileReference; lastKnownFileType = file; path = Brandon_med.otf; sourceTree = "<group>"; };
		BCE811111B9A8AB400AB6F6E /* Brandon_reg.otf */ = {isa = PBXFileReference; lastKnownFileType = file; path = Brandon_reg.otf; sourceTree = "<group>"; };
		BCE811171B9A8D6E00AB6F6E /* Brandon_bld.otf */ = {isa = PBXFileReference; lastKnownFileType = file; path = Brandon_bld.otf; sourceTree = "<group>"; };
		BCE811191B9A8DEA00AB6F6E /* Path.png */ = {isa = PBXFileReference; lastKnownFileType = image.png; path = Path.png; sourceTree = "<group>"; };
		BCE8111B1B9A937E00AB6F6E /* p1.png */ = {isa = PBXFileReference; lastKnownFileType = image.png; path = p1.png; sourceTree = "<group>"; };
		BCE8111C1B9A937E00AB6F6E /* p2.png */ = {isa = PBXFileReference; lastKnownFileType = image.png; path = p2.png; sourceTree = "<group>"; };
		BCE8111D1B9A937E00AB6F6E /* p3.png */ = {isa = PBXFileReference; lastKnownFileType = image.png; path = p3.png; sourceTree = "<group>"; };
		BCE811211B9AA04A00AB6F6E /* main.png */ = {isa = PBXFileReference; lastKnownFileType = image.png; path = main.png; sourceTree = "<group>"; };
/* End PBXFileReference section */

/* Begin PBXFrameworksBuildPhase section */
		BCE810E71B9A877A00AB6F6E /* Frameworks */ = {
			isa = PBXFrameworksBuildPhase;
			buildActionMask = 2147483647;
			files = (
			);
			runOnlyForDeploymentPostprocessing = 0;
		};
		BCE810FC1B9A877A00AB6F6E /* Frameworks */ = {
			isa = PBXFrameworksBuildPhase;
			buildActionMask = 2147483647;
			files = (
			);
			runOnlyForDeploymentPostprocessing = 0;
		};
/* End PBXFrameworksBuildPhase section */

/* Begin PBXGroup section */
		BCE810E11B9A877A00AB6F6E = {
			isa = PBXGroup;
			children = (
				BCE810EC1B9A877A00AB6F6E /* Tipplus */,
				BCE811021B9A877A00AB6F6E /* TipplusTests */,
				BCE810EB1B9A877A00AB6F6E /* Products */,
			);
			sourceTree = "<group>";
		};
		BCE810EB1B9A877A00AB6F6E /* Products */ = {
			isa = PBXGroup;
			children = (
				BCE810EA1B9A877A00AB6F6E /* Tipplus.app */,
				BCE810FF1B9A877A00AB6F6E /* TipplusTests.xctest */,
			);
			name = Products;
			sourceTree = "<group>";
		};
		BCE810EC1B9A877A00AB6F6E /* Tipplus */ = {
			isa = PBXGroup;
			children = (
				BCE810EF1B9A877A00AB6F6E /* AppDelegate.swift */,
				BCE810F11B9A877A00AB6F6E /* ViewController.swift */,
				BCE810F31B9A877A00AB6F6E /* Main.storyboard */,
				BCE810F61B9A877A00AB6F6E /* Images.xcassets */,
				BCE810F81B9A877A00AB6F6E /* LaunchScreen.xib */,
				BCE810ED1B9A877A00AB6F6E /* Supporting Files */,
			);
			path = Tipplus;
			sourceTree = "<group>";
		};
		BCE810ED1B9A877A00AB6F6E /* Supporting Files */ = {
			isa = PBXGroup;
			children = (
				BCE811181B9A8DEA00AB6F6E /* img */,
				BCE8110F1B9A8AB400AB6F6E /* font */,
				BCE810EE1B9A877A00AB6F6E /* Info.plist */,
			);
			name = "Supporting Files";
			sourceTree = "<group>";
		};
		BCE811021B9A877A00AB6F6E /* TipplusTests */ = {
			isa = PBXGroup;
			children = (
				BCE811051B9A877A00AB6F6E /* TipplusTests.swift */,
				BCE811031B9A877A00AB6F6E /* Supporting Files */,
			);
			path = TipplusTests;
			sourceTree = "<group>";
		};
		BCE811031B9A877A00AB6F6E /* Supporting Files */ = {
			isa = PBXGroup;
			children = (
				BCE811041B9A877A00AB6F6E /* Info.plist */,
			);
			name = "Supporting Files";
			sourceTree = "<group>";
		};
		BCE8110F1B9A8AB400AB6F6E /* font */ = {
			isa = PBXGroup;
			children = (
				BCE811101B9A8AB400AB6F6E /* Brandon_med.otf */,
				BCE811111B9A8AB400AB6F6E /* Brandon_reg.otf */,
				BCE811171B9A8D6E00AB6F6E /* Brandon_bld.otf */,
			);
			path = font;
			sourceTree = "<group>";
		};
		BCE811181B9A8DEA00AB6F6E /* img */ = {
			isa = PBXGroup;
			children = (
				BCE811211B9AA04A00AB6F6E /* main.png */,
				BCE811191B9A8DEA00AB6F6E /* Path.png */,
				BCE8111B1B9A937E00AB6F6E /* p1.png */,
				BCE8111C1B9A937E00AB6F6E /* p2.png */,
				BCE8111D1B9A937E00AB6F6E /* p3.png */,
			);
			path = img;
			sourceTree = "<group>";
		};
/* End PBXGroup section */

/* Begin PBXNativeTarget section */
		BCE810E91B9A877A00AB6F6E /* Tipplus */ = {
			isa = PBXNativeTarget;
			buildConfigurationList = BCE811091B9A877A00AB6F6E /* Build configuration list for PBXNativeTarget "Tipplus" */;
			buildPhases = (
				BCE810E61B9A877A00AB6F6E /* Sources */,
				BCE810E71B9A877A00AB6F6E /* Frameworks */,
				BCE810E81B9A877A00AB6F6E /* Resources */,
			);
			buildRules = (
			);
			dependencies = (
			);
			name = Tipplus;
			productName = Tipplus;
			productReference = BCE810EA1B9A877A00AB6F6E /* Tipplus.app */;
			productType = "com.apple.product-type.application";
		};
		BCE810FE1B9A877A00AB6F6E /* TipplusTests */ = {
			isa = PBXNativeTarget;
			buildConfigurationList = BCE8110C1B9A877A00AB6F6E /* Build configuration list for PBXNativeTarget "TipplusTests" */;
			buildPhases = (
				BCE810FB1B9A877A00AB6F6E /* Sources */,
				BCE810FC1B9A877A00AB6F6E /* Frameworks */,
				BCE810FD1B9A877A00AB6F6E /* Resources */,
			);
			buildRules = (
			);
			dependencies = (
				BCE811011B9A877A00AB6F6E /* PBXTargetDependency */,
			);
			name = TipplusTests;
			productName = TipplusTests;
			productReference = BCE810FF1B9A877A00AB6F6E /* TipplusTests.xctest */;
			productType = "com.apple.product-type.bundle.unit-test";
		};
/* End PBXNativeTarget section */

/* Begin PBXProject section */
		BCE810E21B9A877A00AB6F6E /* Project object */ = {
			isa = PBXProject;
			attributes = {
				LastUpgradeCheck = 0640;
				ORGANIZATIONNAME = "Effy Zhang";
				TargetAttributes = {
					BCE810E91B9A877A00AB6F6E = {
						CreatedOnToolsVersion = 6.4;
					};
					BCE810FE1B9A877A00AB6F6E = {
						CreatedOnToolsVersion = 6.4;
						TestTargetID = BCE810E91B9A877A00AB6F6E;
					};
				};
			};
			buildConfigurationList = BCE810E51B9A877A00AB6F6E /* Build configuration list for PBXProject "Tipplus" */;
			compatibilityVersion = "Xcode 3.2";
			developmentRegion = English;
			hasScannedForEncodings = 0;
			knownRegions = (
				en,
				Base,
			);
			mainGroup = BCE810E11B9A877A00AB6F6E;
			productRefGroup = BCE810EB1B9A877A00AB6F6E /* Products */;
			projectDirPath = "";
			projectRoot = "";
			targets = (
				BCE810E91B9A877A00AB6F6E /* Tipplus */,
				BCE810FE1B9A877A00AB6F6E /* TipplusTests */,
			);
		};
/* End PBXProject section */

/* Begin PBXResourcesBuildPhase section */
		BCE810E81B9A877A00AB6F6E /* Resources */ = {
			isa = PBXResourcesBuildPhase;
			buildActionMask = 2147483647;
			files = (
				BCE8111A1B9A8DEA00AB6F6E /* Path.png in Resources */,
				BCE811141B9A8AB400AB6F6E /* Brandon_reg.otf in Resources */,
				BCE811201B9A937E00AB6F6E /* p3.png in Resources */,
				BCE810F51B9A877A00AB6F6E /* Main.storyboard in Resources */,
				BCE8111F1B9A937E00AB6F6E /* p2.png in Resources */,
				BCE810FA1B9A877A00AB6F6E /* LaunchScreen.xib in Resources */,
				BCE811221B9AA04A00AB6F6E /* main.png in Resources */,
				BCE810F71B9A877A00AB6F6E /* Images.xcassets in Resources */,
				BCE8111E1B9A937E00AB6F6E /* p1.png in Resources */,
				BCE811131B9A8AB400AB6F6E /* Brandon_med.otf in Resources */,
			);
			runOnlyForDeploymentPostprocessing = 0;
		};
		BCE810FD1B9A877A00AB6F6E /* Resources */ = {
			isa = PBXResourcesBuildPhase;
			buildActionMask = 2147483647;
			files = (
			);
			runOnlyForDeploymentPostprocessing = 0;
		};
/* End PBXResourcesBuildPhase section */

/* Begin PBXSourcesBuildPhase section */
		BCE810E61B9A877A00AB6F6E /* Sources */ = {
			isa = PBXSourcesBuildPhase;
			buildActionMask = 2147483647;
			files = (
				BCE810F21B9A877A00AB6F6E /* ViewController.swift in Sources */,
				BCE810F01B9A877A00AB6F6E /* AppDelegate.swift in Sources */,
			);
			runOnlyForDeploymentPostprocessing = 0;
		};
		BCE810FB1B9A877A00AB6F6E /* Sources */ = {
			isa = PBXSourcesBuildPhase;
			buildActionMask = 2147483647;
			files = (
				BCE811061B9A877A00AB6F6E /* TipplusTests.swift in Sources */,
			);
			runOnlyForDeploymentPostprocessing = 0;
		};
/* End PBXSourcesBuildPhase section */

/* Begin PBXTargetDependency section */
		BCE811011B9A877A00AB6F6E /* PBXTargetDependency */ = {
			isa = PBXTargetDependency;
			target = BCE810E91B9A877A00AB6F6E /* Tipplus */;
			targetProxy = BCE811001B9A877A00AB6F6E /* PBXContainerItemProxy */;
		};
/* End PBXTargetDependency section */

/* Begin PBXVariantGroup section */
		BCE810F31B9A877A00AB6F6E /* Main.storyboard */ = {
			isa = PBXVariantGroup;
			children = (
				BCE810F41B9A877A00AB6F6E /* Base */,
			);
			name = Main.storyboard;
			sourceTree = "<group>";
		};
		BCE810F81B9A877A00AB6F6E /* LaunchScreen.xib */ = {
			isa = PBXVariantGroup;
			children = (
				BCE810F91B9A877A00AB6F6E /* Base */,
			);
			name = LaunchScreen.xib;
			sourceTree = "<group>";
		};
/* End PBXVariantGroup section */

/* Begin XCBuildConfiguration section */
		BCE811071B9A877A00AB6F6E /* Debug */ = {
			isa = XCBuildConfiguration;
			buildSettings = {
				ALWAYS_SEARCH_USER_PATHS = NO;
				CLANG_CXX_LANGUAGE_STANDARD = "gnu++0x";
				CLANG_CXX_LIBRARY = "libc++";
				CLANG_ENABLE_MODULES = YES;
				CLANG_ENABLE_OBJC_ARC = YES;
				CLANG_WARN_BOOL_CONVERSION = YES;
				CLANG_WARN_CONSTANT_CONVERSION = YES;
				CLANG_WARN_DIRECT_OBJC_ISA_USAGE = YES_ERROR;
				CLANG_WARN_EMPTY_BODY = YES;
				CLANG_WARN_ENUM_CONVERSION = YES;
				CLANG_WARN_INT_CONVERSION = YES;
				CLANG_WARN_OBJC_ROOT_CLASS = YES_ERROR;
				CLANG_WARN_UNREACHABLE_CODE = YES;
				CLANG_WARN__DUPLICATE_METHOD_MATCH = YES;
				"CODE_SIGN_IDENTITY[sdk=iphoneos*]" = "iPhone Developer";
				COPY_PHASE_STRIP = NO;
				DEBUG_INFORMATION_FORMAT = "dwarf-with-dsym";
				ENABLE_STRICT_OBJC_MSGSEND = YES;
				GCC_C_LANGUAGE_STANDARD = gnu99;
				GCC_DYNAMIC_NO_PIC = NO;
				GCC_NO_COMMON_BLOCKS = YES;
				GCC_OPTIMIZATION_LEVEL = 0;
				GCC_PREPROCESSOR_DEFINITIONS = (
					"DEBUG=1",
					"$(inherited)",
				);
				GCC_SYMBOLS_PRIVATE_EXTERN = NO;
				GCC_WARN_64_TO_32_BIT_CONVERSION = YES;
				GCC_WARN_ABOUT_RETURN_TYPE = YES_ERROR;
				GCC_WARN_UNDECLARED_SELECTOR = YES;
				GCC_WARN_UNINITIALIZED_AUTOS = YES_AGGRESSIVE;
				GCC_WARN_UNUSED_FUNCTION = YES;
				GCC_WARN_UNUSED_VARIABLE = YES;
				IPHONEOS_DEPLOYMENT_TARGET = 8.4;
				MTL_ENABLE_DEBUG_INFO = YES;
				ONLY_ACTIVE_ARCH = YES;
				SDKROOT = iphoneos;
				SWIFT_OPTIMIZATION_LEVEL = "-Onone";
			};
			name = Debug;
		};
		BCE811081B9A877A00AB6F6E /* Release */ = {
			isa = XCBuildConfiguration;
			buildSettings = {
				ALWAYS_SEARCH_USER_PATHS = NO;
				CLANG_CXX_LANGUAGE_STANDARD = "gnu++0x";
				CLANG_CXX_LIBRARY = "libc++";
				CLANG_ENABLE_MODULES = YES;
				CLANG_ENABLE_OBJC_ARC = YES;
				CLANG_WARN_BOOL_CONVERSION = YES;
				CLANG_WARN_CONSTANT_CONVERSION = YES;
				CLANG_WARN_DIRECT_OBJC_ISA_USAGE = YES_ERROR;
				CLANG_WARN_EMPTY_BODY = YES;
				CLANG_WARN_ENUM_CONVERSION = YES;
				CLANG_WARN_INT_CONVERSION = YES;
				CLANG_WARN_OBJC_ROOT_CLASS = YES_ERROR;
				CLANG_WARN_UNREACHABLE_CODE = YES;
				CLANG_WARN__DUPLICATE_METHOD_MATCH = YES;
				"CODE_SIGN_IDENTITY[sdk=iphoneos*]" = "iPhone Developer";
				COPY_PHASE_STRIP = NO;
				DEBUG_INFORMATION_FORMAT = "dwarf-with-dsym";
				ENABLE_NS_ASSERTIONS = NO;
				ENABLE_STRICT_OBJC_MSGSEND = YES;
				GCC_C_LANGUAGE_STANDARD = gnu99;
				GCC_NO_COMMON_BLOCKS = YES;
				GCC_WARN_64_TO_32_BIT_CONVERSION = YES;
				GCC_WARN_ABOUT_RETURN_TYPE = YES_ERROR;
				GCC_WARN_UNDECLARED_SELECTOR = YES;
				GCC_WARN_UNINITIALIZED_AUTOS = YES_AGGRESSIVE;
				GCC_WARN_UNUSED_FUNCTION = YES;
				GCC_WARN_UNUSED_VARIABLE = YES;
				IPHONEOS_DEPLOYMENT_TARGET = 8.4;
				MTL_ENABLE_DEBUG_INFO = NO;
				SDKROOT = iphoneos;
				VALIDATE_PRODUCT = YES;
			};
			name = Release;
		};
		BCE8110A1B9A877A00AB6F6E /* Debug */ = {
			isa = XCBuildConfiguration;
			buildSettings = {
				ASSETCATALOG_COMPILER_APPICON_NAME = AppIcon;
				INFOPLIST_FILE = Tipplus/Info.plist;
				LD_RUNPATH_SEARCH_PATHS = "$(inherited) @executable_path/Frameworks";
				PRODUCT_NAME = "$(TARGET_NAME)";
			};
			name = Debug;
		};
		BCE8110B1B9A877A00AB6F6E /* Release */ = {
			isa = XCBuildConfiguration;
			buildSettings = {
				ASSETCATALOG_COMPILER_APPICON_NAME = AppIcon;
				INFOPLIST_FILE = Tipplus/Info.plist;
				LD_RUNPATH_SEARCH_PATHS = "$(inherited) @executable_path/Frameworks";
				PRODUCT_NAME = "$(TARGET_NAME)";
			};
			name = Release;
		};
		BCE8110D1B9A877A00AB6F6E /* Debug */ = {
			isa = XCBuildConfiguration;
			buildSettings = {
				BUNDLE_LOADER = "$(TEST_HOST)";
				FRAMEWORK_SEARCH_PATHS = (
					"$(SDKROOT)/Developer/Library/Frameworks",
					"$(inherited)",
				);
				GCC_PREPROCESSOR_DEFINITIONS = (
					"DEBUG=1",
					"$(inherited)",
				);
				INFOPLIST_FILE = TipplusTests/Info.plist;
				LD_RUNPATH_SEARCH_PATHS = "$(inherited) @executable_path/Frameworks @loader_path/Frameworks";
				PRODUCT_NAME = "$(TARGET_NAME)";
				TEST_HOST = "$(BUILT_PRODUCTS_DIR)/Tipplus.app/Tipplus";
			};
			name = Debug;
		};
		BCE8110E1B9A877A00AB6F6E /* Release */ = {
			isa = XCBuildConfiguration;
			buildSettings = {
				BUNDLE_LOADER = "$(TEST_HOST)";
				FRAMEWORK_SEARCH_PATHS = (
					"$(SDKROOT)/Developer/Library/Frameworks",
					"$(inherited)",
				);
				INFOPLIST_FILE = TipplusTests/Info.plist;
				LD_RUNPATH_SEARCH_PATHS = "$(inherited) @executable_path/Frameworks @loader_path/Frameworks";
				PRODUCT_NAME = "$(TARGET_NAME)";
				TEST_HOST = "$(BUILT_PRODUCTS_DIR)/Tipplus.app/Tipplus";
			};
			name = Release;
		};
/* End XCBuildConfiguration section */

/* Begin XCConfigurationList section */
		BCE810E51B9A877A00AB6F6E /* Build configuration list for PBXProject "Tipplus" */ = {
			isa = XCConfigurationList;
			buildConfigurations = (
				BCE811071B9A877A00AB6F6E /* Debug */,
				BCE811081B9A877A00AB6F6E /* Release */,
			);
			defaultConfigurationIsVisible = 0;
			defaultConfigurationName = Release;
		};
		BCE811091B9A877A00AB6F6E /* Build configuration list for PBXNativeTarget "Tipplus" */ = {
			isa = XCConfigurationList;
			buildConfigurations = (
				BCE8110A1B9A877A00AB6F6E /* Debug */,
				BCE8110B1B9A877A00AB6F6E /* Release */,
			);
			defaultConfigurationIsVisible = 0;
		};
		BCE8110C1B9A877A00AB6F6E /* Build configuration list for PBXNativeTarget "TipplusTests" */ = {
			isa = XCConfigurationList;
			buildConfigurations = (
				BCE8110D1B9A877A00AB6F6E /* Debug */,
				BCE8110E1B9A877A00AB6F6E /* Release */,
			);
			defaultConfigurationIsVisible = 0;
		};
/* End XCConfigurationList section */
	};
	rootObject = BCE810E21B9A877A00AB6F6E /* Project object */;
}
